<?xml version="1.0" encoding="UTF-8"?>
<CodeBlocks_project_file>
	<FileVersion major="1" minor="6"/>
	<Project>
		<Option title="WAVmultiHarmCreator"/>
		<Option makefile_is_custom="1"/>
		<Option compiler="gcc"/>
		<Option virtualFolders="CMake Files\;"/>
		<Build>
			<Target title="all">
				<Option working_dir="C:/Users/theiz/OneDrive/Desktop/EngPathStuff/cppSTC/allWAV/WAVmultiHarmCreator/build-WAVmultiHarmCreator-Desktop_Qt_5_14_2_MinGW_64_bit-Debug"/>
				<Option type="4"/>
				<MakeCommands>
					<Build command="C:/Qt/Qt5.14.2/Tools/mingw730_64/bin/mingw32-make.exe -f &quot;C:/Users/theiz/OneDrive/Desktop/EngPathStuff/cppSTC/allWAV/WAVmultiHarmCreator/build-WAVmultiHarmCreator-Desktop_Qt_5_14_2_MinGW_64_bit-Debug/Makefile&quot;  VERBOSE=1 all"/>
					<CompileFile command="C:/Qt/Qt5.14.2/Tools/mingw730_64/bin/mingw32-make.exe -f &quot;C:/Users/theiz/OneDrive/Desktop/EngPathStuff/cppSTC/allWAV/WAVmultiHarmCreator/build-WAVmultiHarmCreator-Desktop_Qt_5_14_2_MinGW_64_bit-Debug/Makefile&quot;  VERBOSE=1 &quot;$file&quot;"/>
					<Clean command="C:/Qt/Qt5.14.2/Tools/mingw730_64/bin/mingw32-make.exe -f &quot;C:/Users/theiz/OneDrive/Desktop/EngPathStuff/cppSTC/allWAV/WAVmultiHarmCreator/build-WAVmultiHarmCreator-Desktop_Qt_5_14_2_MinGW_64_bit-Debug/Makefile&quot;  VERBOSE=1 clean"/>
					<DistClean command="C:/Qt/Qt5.14.2/Tools/mingw730_64/bin/mingw32-make.exe -f &quot;C:/Users/theiz/OneDrive/Desktop/EngPathStuff/cppSTC/allWAV/WAVmultiHarmCreator/build-WAVmultiHarmCreator-Desktop_Qt_5_14_2_MinGW_64_bit-Debug/Makefile&quot;  VERBOSE=1 clean"/>
				</MakeCommands>
			</Target>
			<Target title="WAVmultiHarmCreator">
				<Option output="C:/Users/theiz/OneDrive/Desktop/EngPathStuff/cppSTC/allWAV/WAVmultiHarmCreator/build-WAVmultiHarmCreator-Desktop_Qt_5_14_2_MinGW_64_bit-Debug/WAVmultiHarmCreator.exe" prefix_auto="0" extension_auto="0"/>
				<Option working_dir="C:/Users/theiz/OneDrive/Desktop/EngPathStuff/cppSTC/allWAV/WAVmultiHarmCreator/build-WAVmultiHarmCreator-Desktop_Qt_5_14_2_MinGW_64_bit-Debug"/>
				<Option object_output="./"/>
				<Option type="1"/>
				<Option compiler="gcc"/>
				<Compiler>
					<Add directory="C:/Qt/Qt5.14.2/Tools/mingw730_64/bin/../lib/gcc/x86_64-w64-mingw32/7.3.0/include/c++"/>
					<Add directory="C:/Qt/Qt5.14.2/Tools/mingw730_64/bin/../lib/gcc/x86_64-w64-mingw32/7.3.0/include/c++/x86_64-w64-mingw32"/>
					<Add directory="C:/Qt/Qt5.14.2/Tools/mingw730_64/bin/../lib/gcc/x86_64-w64-mingw32/7.3.0/include/c++/backward"/>
					<Add directory="C:/Qt/Qt5.14.2/Tools/mingw730_64/bin/../lib/gcc/x86_64-w64-mingw32/7.3.0/include"/>
					<Add directory="C:/Qt/Qt5.14.2/Tools/mingw730_64/bin/../lib/gcc/x86_64-w64-mingw32/7.3.0/include-fixed"/>
					<Add directory="C:/Qt/Qt5.14.2/Tools/mingw730_64/bin/../lib/gcc/x86_64-w64-mingw32/7.3.0/../../../../x86_64-w64-mingw32/include"/>
				</Compiler>
				<MakeCommands>
					<Build command="C:/Qt/Qt5.14.2/Tools/mingw730_64/bin/mingw32-make.exe -f &quot;C:/Users/theiz/OneDrive/Desktop/EngPathStuff/cppSTC/allWAV/WAVmultiHarmCreator/build-WAVmultiHarmCreator-Desktop_Qt_5_14_2_MinGW_64_bit-Debug/Makefile&quot;  VERBOSE=1 WAVmultiHarmCreator"/>
					<CompileFile command="C:/Qt/Qt5.14.2/Tools/mingw730_64/bin/mingw32-make.exe -f &quot;C:/Users/theiz/OneDrive/Desktop/EngPathStuff/cppSTC/allWAV/WAVmultiHarmCreator/build-WAVmultiHarmCreator-Desktop_Qt_5_14_2_MinGW_64_bit-Debug/Makefile&quot;  VERBOSE=1 &quot;$file&quot;"/>
					<Clean command="C:/Qt/Qt5.14.2/Tools/mingw730_64/bin/mingw32-make.exe -f &quot;C:/Users/theiz/OneDrive/Desktop/EngPathStuff/cppSTC/allWAV/WAVmultiHarmCreator/build-WAVmultiHarmCreator-Desktop_Qt_5_14_2_MinGW_64_bit-Debug/Makefile&quot;  VERBOSE=1 clean"/>
					<DistClean command="C:/Qt/Qt5.14.2/Tools/mingw730_64/bin/mingw32-make.exe -f &quot;C:/Users/theiz/OneDrive/Desktop/EngPathStuff/cppSTC/allWAV/WAVmultiHarmCreator/build-WAVmultiHarmCreator-Desktop_Qt_5_14_2_MinGW_64_bit-Debug/Makefile&quot;  VERBOSE=1 clean"/>
				</MakeCommands>
			</Target>
			<Target title="WAVmultiHarmCreator/fast">
				<Option output="C:/Users/theiz/OneDrive/Desktop/EngPathStuff/cppSTC/allWAV/WAVmultiHarmCreator/build-WAVmultiHarmCreator-Desktop_Qt_5_14_2_MinGW_64_bit-Debug/WAVmultiHarmCreator.exe" prefix_auto="0" extension_auto="0"/>
				<Option working_dir="C:/Users/theiz/OneDrive/Desktop/EngPathStuff/cppSTC/allWAV/WAVmultiHarmCreator/build-WAVmultiHarmCreator-Desktop_Qt_5_14_2_MinGW_64_bit-Debug"/>
				<Option object_output="./"/>
				<Option type="1"/>
				<Option compiler="gcc"/>
				<Compiler>
					<Add directory="C:/Qt/Qt5.14.2/Tools/mingw730_64/bin/../lib/gcc/x86_64-w64-mingw32/7.3.0/include/c++"/>
					<Add directory="C:/Qt/Qt5.14.2/Tools/mingw730_64/bin/../lib/gcc/x86_64-w64-mingw32/7.3.0/include/c++/x86_64-w64-mingw32"/>
					<Add directory="C:/Qt/Qt5.14.2/Tools/mingw730_64/bin/../lib/gcc/x86_64-w64-mingw32/7.3.0/include/c++/backward"/>
					<Add directory="C:/Qt/Qt5.14.2/Tools/mingw730_64/bin/../lib/gcc/x86_64-w64-mingw32/7.3.0/include"/>
					<Add directory="C:/Qt/Qt5.14.2/Tools/mingw730_64/bin/../lib/gcc/x86_64-w64-mingw32/7.3.0/include-fixed"/>
					<Add directory="C:/Qt/Qt5.14.2/Tools/mingw730_64/bin/../lib/gcc/x86_64-w64-mingw32/7.3.0/../../../../x86_64-w64-mingw32/include"/>
				</Compiler>
				<MakeCommands>
					<Build command="C:/Qt/Qt5.14.2/Tools/mingw730_64/bin/mingw32-make.exe -f &quot;C:/Users/theiz/OneDrive/Desktop/EngPathStuff/cppSTC/allWAV/WAVmultiHarmCreator/build-WAVmultiHarmCreator-Desktop_Qt_5_14_2_MinGW_64_bit-Debug/Makefile&quot;  VERBOSE=1 WAVmultiHarmCreator/fast"/>
					<CompileFile command="C:/Qt/Qt5.14.2/Tools/mingw730_64/bin/mingw32-make.exe -f &quot;C:/Users/theiz/OneDrive/Desktop/EngPathStuff/cppSTC/allWAV/WAVmultiHarmCreator/build-WAVmultiHarmCreator-Desktop_Qt_5_14_2_MinGW_64_bit-Debug/Makefile&quot;  VERBOSE=1 &quot;$file&quot;"/>
					<Clean command="C:/Qt/Qt5.14.2/Tools/mingw730_64/bin/mingw32-make.exe -f &quot;C:/Users/theiz/OneDrive/Desktop/EngPathStuff/cppSTC/allWAV/WAVmultiHarmCreator/build-WAVmultiHarmCreator-Desktop_Qt_5_14_2_MinGW_64_bit-Debug/Makefile&quot;  VERBOSE=1 clean"/>
					<DistClean command="C:/Qt/Qt5.14.2/Tools/mingw730_64/bin/mingw32-make.exe -f &quot;C:/Users/theiz/OneDrive/Desktop/EngPathStuff/cppSTC/allWAV/WAVmultiHarmCreator/build-WAVmultiHarmCreator-Desktop_Qt_5_14_2_MinGW_64_bit-Debug/Makefile&quot;  VERBOSE=1 clean"/>
				</MakeCommands>
			</Target>
			<Target title="edit_cache">
				<Option working_dir="C:/Users/theiz/OneDrive/Desktop/EngPathStuff/cppSTC/allWAV/WAVmultiHarmCreator/build-WAVmultiHarmCreator-Desktop_Qt_5_14_2_MinGW_64_bit-Debug"/>
				<Option type="4"/>
				<MakeCommands>
					<Build command="C:/Qt/Qt5.14.2/Tools/mingw730_64/bin/mingw32-make.exe -f &quot;C:/Users/theiz/OneDrive/Desktop/EngPathStuff/cppSTC/allWAV/WAVmultiHarmCreator/build-WAVmultiHarmCreator-Desktop_Qt_5_14_2_MinGW_64_bit-Debug/Makefile&quot;  VERBOSE=1 edit_cache"/>
					<CompileFile command="C:/Qt/Qt5.14.2/Tools/mingw730_64/bin/mingw32-make.exe -f &quot;C:/Users/theiz/OneDrive/Desktop/EngPathStuff/cppSTC/allWAV/WAVmultiHarmCreator/build-WAVmultiHarmCreator-Desktop_Qt_5_14_2_MinGW_64_bit-Debug/Makefile&quot;  VERBOSE=1 &quot;$file&quot;"/>
					<Clean command="C:/Qt/Qt5.14.2/Tools/mingw730_64/bin/mingw32-make.exe -f &quot;C:/Users/theiz/OneDrive/Desktop/EngPathStuff/cppSTC/allWAV/WAVmultiHarmCreator/build-WAVmultiHarmCreator-Desktop_Qt_5_14_2_MinGW_64_bit-Debug/Makefile&quot;  VERBOSE=1 clean"/>
					<DistClean command="C:/Qt/Qt5.14.2/Tools/mingw730_64/bin/mingw32-make.exe -f &quot;C:/Users/theiz/OneDrive/Desktop/EngPathStuff/cppSTC/allWAV/WAVmultiHarmCreator/build-WAVmultiHarmCreator-Desktop_Qt_5_14_2_MinGW_64_bit-Debug/Makefile&quot;  VERBOSE=1 clean"/>
				</MakeCommands>
			</Target>
			<Target title="rebuild_cache">
				<Option working_dir="C:/Users/theiz/OneDrive/Desktop/EngPathStuff/cppSTC/allWAV/WAVmultiHarmCreator/build-WAVmultiHarmCreator-Desktop_Qt_5_14_2_MinGW_64_bit-Debug"/>
				<Option type="4"/>
				<MakeCommands>
					<Build command="C:/Qt/Qt5.14.2/Tools/mingw730_64/bin/mingw32-make.exe -f &quot;C:/Users/theiz/OneDrive/Desktop/EngPathStuff/cppSTC/allWAV/WAVmultiHarmCreator/build-WAVmultiHarmCreator-Desktop_Qt_5_14_2_MinGW_64_bit-Debug/Makefile&quot;  VERBOSE=1 rebuild_cache"/>
					<CompileFile command="C:/Qt/Qt5.14.2/Tools/mingw730_64/bin/mingw32-make.exe -f &quot;C:/Users/theiz/OneDrive/Desktop/EngPathStuff/cppSTC/allWAV/WAVmultiHarmCreator/build-WAVmultiHarmCreator-Desktop_Qt_5_14_2_MinGW_64_bit-Debug/Makefile&quot;  VERBOSE=1 &quot;$file&quot;"/>
					<Clean command="C:/Qt/Qt5.14.2/Tools/mingw730_64/bin/mingw32-make.exe -f &quot;C:/Users/theiz/OneDrive/Desktop/EngPathStuff/cppSTC/allWAV/WAVmultiHarmCreator/build-WAVmultiHarmCreator-Desktop_Qt_5_14_2_MinGW_64_bit-Debug/Makefile&quot;  VERBOSE=1 clean"/>
					<DistClean command="C:/Qt/Qt5.14.2/Tools/mingw730_64/bin/mingw32-make.exe -f &quot;C:/Users/theiz/OneDrive/Desktop/EngPathStuff/cppSTC/allWAV/WAVmultiHarmCreator/build-WAVmultiHarmCreator-Desktop_Qt_5_14_2_MinGW_64_bit-Debug/Makefile&quot;  VERBOSE=1 clean"/>
				</MakeCommands>
			</Target>
		</Build>
		<Unit filename="C:/Users/theiz/OneDrive/Desktop/EngPathStuff/cppSTC/allWAV/WAVmultiHarmCreator/WAVmultiHarmCreator/common.h">
			<Option target="WAVmultiHarmCreator"/>
		</Unit>
		<Unit filename="C:/Users/theiz/OneDrive/Desktop/EngPathStuff/cppSTC/allWAV/WAVmultiHarmCreator/WAVmultiHarmCreator/filereader.cpp">
			<Option target="WAVmultiHarmCreator"/>
		</Unit>
		<Unit filename="C:/Users/theiz/OneDrive/Desktop/EngPathStuff/cppSTC/allWAV/WAVmultiHarmCreator/WAVmultiHarmCreator/filereader.h">
			<Option target="WAVmultiHarmCreator"/>
		</Unit>
		<Unit filename="C:/Users/theiz/OneDrive/Desktop/EngPathStuff/cppSTC/allWAV/WAVmultiHarmCreator/WAVmultiHarmCreator/main.cpp">
			<Option target="WAVmultiHarmCreator"/>
		</Unit>
		<Unit filename="C:/Users/theiz/OneDrive/Desktop/EngPathStuff/cppSTC/allWAV/WAVmultiHarmCreator/WAVmultiHarmCreator/noise.cpp">
			<Option target="WAVmultiHarmCreator"/>
		</Unit>
		<Unit filename="C:/Users/theiz/OneDrive/Desktop/EngPathStuff/cppSTC/allWAV/WAVmultiHarmCreator/WAVmultiHarmCreator/noise.h">
			<Option target="WAVmultiHarmCreator"/>
		</Unit>
		<Unit filename="C:/Users/theiz/OneDrive/Desktop/EngPathStuff/cppSTC/allWAV/WAVmultiHarmCreator/WAVmultiHarmCreator/operations.cpp">
			<Option target="WAVmultiHarmCreator"/>
		</Unit>
		<Unit filename="C:/Users/theiz/OneDrive/Desktop/EngPathStuff/cppSTC/allWAV/WAVmultiHarmCreator/WAVmultiHarmCreator/operations.h">
			<Option target="WAVmultiHarmCreator"/>
		</Unit>
		<Unit filename="C:/Users/theiz/OneDrive/Desktop/EngPathStuff/cppSTC/allWAV/WAVmultiHarmCreator/WAVmultiHarmCreator/signal.cpp">
			<Option target="WAVmultiHarmCreator"/>
		</Unit>
		<Unit filename="C:/Users/theiz/OneDrive/Desktop/EngPathStuff/cppSTC/allWAV/WAVmultiHarmCreator/WAVmultiHarmCreator/signal.h">
			<Option target="WAVmultiHarmCreator"/>
		</Unit>
		<Unit filename="C:/Users/theiz/OneDrive/Desktop/EngPathStuff/cppSTC/allWAV/WAVmultiHarmCreator/WAVmultiHarmCreator/wavsaver.cpp">
			<Option target="WAVmultiHarmCreator"/>
		</Unit>
		<Unit filename="C:/Users/theiz/OneDrive/Desktop/EngPathStuff/cppSTC/allWAV/WAVmultiHarmCreator/WAVmultiHarmCreator/wavsaver.h">
			<Option target="WAVmultiHarmCreator"/>
		</Unit>
		<Unit filename="C:/Users/theiz/OneDrive/Desktop/EngPathStuff/cppSTC/allWAV/WAVmultiHarmCreator/WAVmultiHarmCreator/CMakeLists.txt">
			<Option virtualFolder="CMake Files\"/>
		</Unit>
	</Project>
</CodeBlocks_project_file>
